
Microsoft Visual Studio Solution File, Format Version 12.00
# Visual Studio 15
VisualStudioVersion = 15.0.27130.2010
MinimumVisualStudioVersion = 10.0.40219.1
Project("{FAE04EC0-301F-11D3-BF4B-00C04F79EFBC}") = "GetLocationList", "GetLocationList\GetLocationList.csproj", "{1B49D7EF-0F70-48F4-902E-1D0BA5C592E6}"
EndProject
Global
	GlobalSection(SolutionConfigurationPlatforms) = preSolution
		Debug|Any CPU = Debug|Any CPU
		Release|Any CPU = Release|Any CPU
	EndGlobalSection
	GlobalSection(ProjectConfigurationPlatforms) = postSolution
		{1B49D7EF-0F70-48F4-902E-1D0BA5C592E6}.Debug|Any CPU.ActiveCfg = Debug|Any CPU
		{1B49D7EF-0F70-48F4-902E-1D0BA5C592E6}.Debug|Any CPU.Build.0 = Debug|Any CPU
		{1B49D7EF-0F70-48F4-902E-1D0BA5C592E6}.Release|Any CPU.ActiveCfg = Release|Any CPU
		{1B49D7EF-0F70-48F4-902E-1D0BA5C592E6}.Release|Any CPU.Build.0 = Release|Any CPU
	EndGlobalSection
	GlobalSection(SolutionProperties) = preSolution
		HideSolutionNode = FALSE
	EndGlobalSection
	GlobalSection(ExtensibilityGlobals) = postSolution
		SolutionGuid = {03A17DC9-DC69-4094-B79A-DC1E25484AC2}
	EndGlobalSection
EndGlobal
